{
  "name": "bateryDAWN",
  "lockfileVersion": 2,
  "requires": true,
  "packages": {
    "": {
      "dependencies": {
        "bs-stepper": "^1.7.0",
        "intro.js": "^4.3.0"
      }
    },
    "node_modules/bs-stepper": {
      "version": "1.7.0",
      "resolved": "https://registry.npmjs.org/bs-stepper/-/bs-stepper-1.7.0.tgz",
      "integrity": "sha512-+DX7UKKgw2GI6ucsSCRd19VHYrxf/8znRCLs1lQVVLxz+h7EqgIOxoHcJ0/QTaaNoR9Cwg78ydo6hXIasyd3LA==",
      "engines": {
        "node": ">=8"
      }
    },
    "node_modules/intro.js": {
      "version": "4.3.0",
      "resolved": "https://registry.npmjs.org/intro.js/-/intro.js-4.3.0.tgz",
      "integrity": "sha512-F4LXM42QIXcO3/2myGBBFdbbUVUK0lBhK7pAxPLd082u+3HfvigFR+Rptqy05q3OzjG/O0vMFDedrnHdSPi2rQ=="
    }
  },
  "dependencies": {
    "bs-stepper": {
      "version": "1.7.0",
      "resolved": "https://registry.npmjs.org/bs-stepper/-/bs-stepper-1.7.0.tgz",
      "integrity": "sha512-+DX7UKKgw2GI6ucsSCRd19VHYrxf/8znRCLs1lQVVLxz+h7EqgIOxoHcJ0/QTaaNoR9Cwg78ydo6hXIasyd3LA=="
    },
    "intro.js": {
      "version": "4.3.0",
      "resolved": "https://registry.npmjs.org/intro.js/-/intro.js-4.3.0.tgz",
      "integrity": "sha512-F4LXM42QIXcO3/2myGBBFdbbUVUK0lBhK7pAxPLd082u+3HfvigFR+Rptqy05q3OzjG/O0vMFDedrnHdSPi2rQ=="
    }
  }
}
